Microsoft Visual Studio Solution File, Format Version 9.00
# Visual C++ Express 2005
Project("{8BC9CEB8-8B4A-11D0-8D11-00A0C91BC942}") = "StuntPlayground", "StuntPlayground.vcproj", "{8730FB7B-193A-4F8C-A4E9-3866B06683CA}"
EndProject
Global
	GlobalSection(SolutionConfigurationPlatforms) = preSolution
		Debug|Win32 = Debug|Win32
		Release|Win32 = Release|Win32
	EndGlobalSection
	GlobalSection(ProjectConfigurationPlatforms) = postSolution
		{8730FB7B-193A-4F8C-A4E9-3866B06683CA}.Debug|Win32.ActiveCfg = Debug|Win32
		{8730FB7B-193A-4F8C-A4E9-3866B06683CA}.Debug|Win32.Build.0 = Debug|Win32
		{8730FB7B-193A-4F8C-A4E9-3866B06683CA}.Release|Win32.ActiveCfg = Release|Win32
		{8730FB7B-193A-4F8C-A4E9-3866B06683CA}.Release|Win32.Build.0 = Release|Win32
	EndGlobalSection
	GlobalSection(SolutionProperties) = preSolution
		HideSolutionNode = FALSE
	EndGlobalSection
EndGlobal
